{
  "version": "3",
  "remote": {
    "https://deno.land/std@0.84.0/fmt/colors.ts": "d253f2367e5feebcf0f49676533949c09ea07a2d95fb74958f6f5c1c22fbec49",
    "https://deno.land/std@0.84.0/testing/_diff.ts": "961eaf6d9f5b0a8556c9d835bbc6fa74f5addd7d3b02728ba7936ff93364f7a3",
    "https://deno.land/std@0.84.0/testing/asserts.ts": "de942b2e1cb6dac1c1c4a7b698be017337e2e2cc2252ae0a6d215c5befde1e82",
    "https://deno.land/x/copb@v1.0.1/lib/copb.ts": "49c807431a38eda063b2f99f69c8ebdb9c316a7fc3957b618932e78bee3361fb",
    "https://deno.land/x/copb@v1.0.1/mod.ts": "664b6af5d0bf0339e3461ac69e6b06f052a322b7bfc1ec2fbc701fb525c56ba3",
    "https://deno.land/x/copb@v1.0.1/version.ts": "e1ce0be2da17592e301891cbffa0f00490c987be292434b852022c81d4d6800e"
  }
}
